<?xml version="1.0" encoding="utf-8"?>
<Project ToolsVersion="4.0" xmlns="http://schemas.microsoft.com/developer/msbuild/2003">
  <ItemGroup>
    <Filter Include="Source Files">
      <UniqueIdentifier>{4FC737F1-C7A5-4376-A066-2A32D752A2FF}</UniqueIdentifier>
      <Extensions>cpp;c;cc;cxx;c++;cppm;ixx;def;odl;idl;hpj;bat;asm;asmx</Extensions>
    </Filter>
    <Filter Include="Header Files">
      <UniqueIdentifier>{93995380-89BD-4b04-88EB-625FBE52EBFB}</UniqueIdentifier>
      <Extensions>h;hh;hpp;hxx;h++;hm;inl;inc;ipp;xsd</Extensions>
    </Filter>
    <Filter Include="Resource Files">
      <UniqueIdentifier>{67DA6AB6-F800-4c08-8B7A-83BB121AAD01}</UniqueIdentifier>
      <Extensions>rc;ico;cur;bmp;dlg;rc2;rct;bin;rgs;gif;jpg;jpeg;jpe;resx;tiff;tif;png;wav;mfcribbon-ms</Extensions>
    </Filter>
    <Filter Include="Header Files\Print">
      <UniqueIdentifier>{42a93e76-36cf-4a45-8887-0be875f6ad25}</UniqueIdentifier>
    </Filter>
    <Filter Include="Header Files\Lists">
      <UniqueIdentifier>{dce7ad16-4deb-44c4-8492-a81c8cae3eb1}</UniqueIdentifier>
    </Filter>
    <Filter Include="Source Files\Lists">
      <UniqueIdentifier>{3e3c4bf1-b883-4abf-a147-3a14bd697f68}</UniqueIdentifier>
    </Filter>
    <Filter Include="Source Files\Print">
      <UniqueIdentifier>{dd011f75-7225-4503-b363-51666dd90306}</UniqueIdentifier>
    </Filter>
    <Filter Include="Header Files\Other">
      <UniqueIdentifier>{c590dc24-a129-4366-8e10-41326aef96ca}</UniqueIdentifier>
    </Filter>
    <Filter Include="Source Files\Other">
      <UniqueIdentifier>{3d58e5b3-c7c7-4386-96e4-328d9ce6a8e9}</UniqueIdentifier>
    </Filter>
    <Filter Include="Source Files\Mamagement">
      <UniqueIdentifier>{7c30eac8-b860-4252-81ab-1021fd538a53}</UniqueIdentifier>
    </Filter>
    <Filter Include="Header Files\Management">
      <UniqueIdentifier>{4d985fd0-cece-4aa4-97eb-ffdca192a192}</UniqueIdentifier>
    </Filter>
  </ItemGroup>
  <ItemGroup>
    <ClCompile Include="Borderer.cpp">
      <Filter>Source Files\Lists</Filter>
    </ClCompile>
    <ClCompile Include="Branch.cpp">
      <Filter>Source Files\Lists</Filter>
    </ClCompile>
    <ClCompile Include="DataTops.cpp">
      <Filter>Source Files\Lists</Filter>
    </ClCompile>
    <ClCompile Include="Graph.cpp">
      <Filter>Source Files\Lists</Filter>
    </ClCompile>
    <ClCompile Include="Primal.cpp">
      <Filter>Source Files\Lists</Filter>
    </ClCompile>
    <ClCompile Include="Solution.cpp">
      <Filter>Source Files\Lists</Filter>
    </ClCompile>
    <ClCompile Include="PrintGraph.cpp">
      <Filter>Source Files\Print</Filter>
    </ClCompile>
    <ClCompile Include="PrintSolution.cpp">
      <Filter>Source Files\Print</Filter>
    </ClCompile>
    <ClCompile Include="PrintData.cpp">
      <Filter>Source Files\Print</Filter>
    </ClCompile>
    <ClCompile Include="Operators.cpp">
      <Filter>Source Files\Other</Filter>
    </ClCompile>
    <ClCompile Include="Parameters.cpp">
      <Filter>Source Files\Other</Filter>
    </ClCompile>
    <ClCompile Include="Source.cpp">
      <Filter>Source Files\Other</Filter>
    </ClCompile>
    <ClCompile Include="Management.cpp">
      <Filter>Source Files\Mamagement</Filter>
    </ClCompile>
    <ClCompile Include="User.cpp">
      <Filter>Source Files\Mamagement</Filter>
    </ClCompile>
    <ClCompile Include="Algorithm.cpp">
      <Filter>Source Files\Mamagement</Filter>
    </ClCompile>
    <ClCompile Include="Save.cpp">
      <Filter>Source Files\Mamagement</Filter>
    </ClCompile>
    <ClCompile Include="Predecessor.cpp">
      <Filter>Source Files\Lists</Filter>
    </ClCompile>
    <ClCompile Include="Data.cpp">
      <Filter>Source Files\Other</Filter>
    </ClCompile>
    <ClCompile Include="Create.cpp">
      <Filter>Source Files\Mamagement</Filter>
    </ClCompile>
  </ItemGroup>
  <ItemGroup>
    <ClInclude Include="Borderer.h">
      <Filter>Header Files\Lists</Filter>
    </ClInclude>
    <ClInclude Include="Branch.h">
      <Filter>Header Files\Lists</Filter>
    </ClInclude>
    <ClInclude Include="Graph.h">
      <Filter>Header Files\Lists</Filter>
    </ClInclude>
    <ClInclude Include="DataTops.h">
      <Filter>Header Files\Lists</Filter>
    </ClInclude>
    <ClInclude Include="Primal.h">
      <Filter>Header Files\Lists</Filter>
    </ClInclude>
    <ClInclude Include="Solution.h">
      <Filter>Header Files\Lists</Filter>
    </ClInclude>
    <ClInclude Include="Operators.h">
      <Filter>Header Files\Other</Filter>
    </ClInclude>
    <ClInclude Include="Parameters.h">
      <Filter>Header Files\Other</Filter>
    </ClInclude>
    <ClInclude Include="Signs.h">
      <Filter>Header Files\Other</Filter>
    </ClInclude>
    <ClInclude Include="PrintSolution.h">
      <Filter>Header Files\Print</Filter>
    </ClInclude>
    <ClInclude Include="PrintGraph.h">
      <Filter>Header Files\Print</Filter>
    </ClInclude>
    <ClInclude Include="PrintData.h">
      <Filter>Header Files\Print</Filter>
    </ClInclude>
    <ClInclude Include="User.h">
      <Filter>Header Files\Management</Filter>
    </ClInclude>
    <ClInclude Include="Management.h">
      <Filter>Header Files\Management</Filter>
    </ClInclude>
    <ClInclude Include="Print.h">
      <Filter>Header Files\Management</Filter>
    </ClInclude>
    <ClInclude Include="Algorithm.h">
      <Filter>Header Files\Management</Filter>
    </ClInclude>
    <ClInclude Include="Save.h">
      <Filter>Header Files\Management</Filter>
    </ClInclude>
    <ClInclude Include="Predecessor.h">
      <Filter>Header Files\Lists</Filter>
    </ClInclude>
    <ClInclude Include="Data.h">
      <Filter>Header Files\Other</Filter>
    </ClInclude>
    <ClInclude Include="Create.h">
      <Filter>Header Files\Management</Filter>
    </ClInclude>
  </ItemGroup>
</Project>